
Microsoft Visual Studio Solution File, Format Version 12.00
# Visual Studio 15
VisualStudioVersion = 15.0.27703.2026
MinimumVisualStudioVersion = 10.0.40219.1
Project("{9A19103F-16F7-4668-BE54-9A1E7A4F7556}") = "Foodall.Domain", "Foodall.Domain\Foodall.Domain.csproj", "{C24A2398-13FC-451D-92BA-9F1EBEB302BC}"
EndProject
Project("{9A19103F-16F7-4668-BE54-9A1E7A4F7556}") = "Foodall.Data", "Foodall.Data\Foodall.Data.csproj", "{BCC1242B-B65C-4A59-A196-05AE17BCC6BE}"
EndProject
Project("{FAE04EC0-301F-11D3-BF4B-00C04F79EFBC}") = "Foodall.Model", "Foodall.Model\Foodall.Model.csproj", "{786C8492-5A89-4B52-91D3-0A6CDE3B470B}"
EndProject
Global
	GlobalSection(SolutionConfigurationPlatforms) = preSolution
		Debug|Any CPU = Debug|Any CPU
		Release|Any CPU = Release|Any CPU
	EndGlobalSection
	GlobalSection(ProjectConfigurationPlatforms) = postSolution
		{C24A2398-13FC-451D-92BA-9F1EBEB302BC}.Debug|Any CPU.ActiveCfg = Debug|Any CPU
		{C24A2398-13FC-451D-92BA-9F1EBEB302BC}.Debug|Any CPU.Build.0 = Debug|Any CPU
		{C24A2398-13FC-451D-92BA-9F1EBEB302BC}.Release|Any CPU.ActiveCfg = Release|Any CPU
		{C24A2398-13FC-451D-92BA-9F1EBEB302BC}.Release|Any CPU.Build.0 = Release|Any CPU
		{BCC1242B-B65C-4A59-A196-05AE17BCC6BE}.Debug|Any CPU.ActiveCfg = Debug|Any CPU
		{BCC1242B-B65C-4A59-A196-05AE17BCC6BE}.Debug|Any CPU.Build.0 = Debug|Any CPU
		{BCC1242B-B65C-4A59-A196-05AE17BCC6BE}.Release|Any CPU.ActiveCfg = Release|Any CPU
		{BCC1242B-B65C-4A59-A196-05AE17BCC6BE}.Release|Any CPU.Build.0 = Release|Any CPU
		{786C8492-5A89-4B52-91D3-0A6CDE3B470B}.Debug|Any CPU.ActiveCfg = Debug|Any CPU
		{786C8492-5A89-4B52-91D3-0A6CDE3B470B}.Debug|Any CPU.Build.0 = Debug|Any CPU
		{786C8492-5A89-4B52-91D3-0A6CDE3B470B}.Release|Any CPU.ActiveCfg = Release|Any CPU
		{786C8492-5A89-4B52-91D3-0A6CDE3B470B}.Release|Any CPU.Build.0 = Release|Any CPU
	EndGlobalSection
	GlobalSection(SolutionProperties) = preSolution
		HideSolutionNode = FALSE
	EndGlobalSection
	GlobalSection(ExtensibilityGlobals) = postSolution
		SolutionGuid = {178959E3-A2AE-4E5C-A574-41F3F2323517}
	EndGlobalSection
EndGlobal
